
Microsoft Visual Studio Solution File, Format Version 12.00
# Visual Studio 14
VisualStudioVersion = 14.0.25420.1
MinimumVisualStudioVersion = 10.0.40219.1
Project("{FAE04EC0-301F-11D3-BF4B-00C04F79EFBC}") = "TrackSystem", "TrackSystem\TrackSystem.csproj", "{76026593-7C8A-42EC-A703-90F16C1B3E2C}"
EndProject
Project("{FAE04EC0-301F-11D3-BF4B-00C04F79EFBC}") = "Foundation.ObjectHydrator", "..\..\..\..\Source\Repos\ObjectHydrator\Foundation.ObjectHydrator\Foundation.ObjectHydrator.csproj", "{8B60029E-DC22-4019-8AD6-E6A6A0CAEBFA}"
EndProject
Project("{FAE04EC0-301F-11D3-BF4B-00C04F79EFBC}") = "TrackSystemTest", "UnitTestProject1\TrackSystemTest.csproj", "{6C5EA954-2390-48E1-8075-419624CB5348}"
EndProject
Global
	GlobalSection(SolutionConfigurationPlatforms) = preSolution
		Debug|Any CPU = Debug|Any CPU
		Release|Any CPU = Release|Any CPU
	EndGlobalSection
	GlobalSection(ProjectConfigurationPlatforms) = postSolution
		{76026593-7C8A-42EC-A703-90F16C1B3E2C}.Debug|Any CPU.ActiveCfg = Debug|Any CPU
		{76026593-7C8A-42EC-A703-90F16C1B3E2C}.Debug|Any CPU.Build.0 = Debug|Any CPU
		{76026593-7C8A-42EC-A703-90F16C1B3E2C}.Release|Any CPU.ActiveCfg = Release|Any CPU
		{76026593-7C8A-42EC-A703-90F16C1B3E2C}.Release|Any CPU.Build.0 = Release|Any CPU
		{8B60029E-DC22-4019-8AD6-E6A6A0CAEBFA}.Debug|Any CPU.ActiveCfg = Debug|Any CPU
		{8B60029E-DC22-4019-8AD6-E6A6A0CAEBFA}.Debug|Any CPU.Build.0 = Debug|Any CPU
		{8B60029E-DC22-4019-8AD6-E6A6A0CAEBFA}.Release|Any CPU.ActiveCfg = Release|Any CPU
		{8B60029E-DC22-4019-8AD6-E6A6A0CAEBFA}.Release|Any CPU.Build.0 = Release|Any CPU
		{6C5EA954-2390-48E1-8075-419624CB5348}.Debug|Any CPU.ActiveCfg = Debug|Any CPU
		{6C5EA954-2390-48E1-8075-419624CB5348}.Debug|Any CPU.Build.0 = Debug|Any CPU
		{6C5EA954-2390-48E1-8075-419624CB5348}.Release|Any CPU.ActiveCfg = Release|Any CPU
		{6C5EA954-2390-48E1-8075-419624CB5348}.Release|Any CPU.Build.0 = Release|Any CPU
	EndGlobalSection
	GlobalSection(SolutionProperties) = preSolution
		HideSolutionNode = FALSE
	EndGlobalSection
EndGlobal
